PODS:
  - FBSnapshotTestCase (2.1.4):
    - FBSnapshotTestCase/SwiftSupport (= 2.1.4)
  - FBSnapshotTestCase/Core (2.1.4)
  - FBSnapshotTestCase/SwiftSupport (2.1.4):
    - FBSnapshotTestCase/Core
  - SLAd (0.3.0)

DEPENDENCIES:
  - FBSnapshotTestCase
  - SLAd (from `../`)

SPEC REPOS:
  trunk:
    - FBSnapshotTestCase

EXTERNAL SOURCES:
  SLAd:
    :path: "../"

SPEC CHECKSUMS:
  FBSnapshotTestCase: 094f9f314decbabe373b87cc339bea235a63e07a
  SLAd: aafd720986c862730698d461b9b6b8388e3c3f25

PODFILE CHECKSUM: 311ffc393d531c105d5f1a7e81b7532925b3413a

COCOAPODS: 1.11.3
